{
  "requires": true,
  "lockfileVersion": 1,
  "dependencies": {
    "@types/lodash": {
      "version": "4.14.165",
      "resolved": "https://registry.npm.taobao.org/@types/lodash/download/@types/lodash-4.14.165.tgz?cache=0&sync_timestamp=1604600563068&other_urls=https%3A%2F%2Fregistry.npm.taobao.org%2F%40types%2Flodash%2Fdownload%2F%40types%2Flodash-4.14.165.tgz",
      "integrity": "sha1-dNVdlHRS4t4HQrrWUnBDO2Ooww8="
    },
    "@types/screeps": {
      "version": "3.2.1",
      "resolved": "https://registry.npm.taobao.org/@types/screeps/download/@types/screeps-3.2.1.tgz",
      "integrity": "sha1-4TH52i1AHPejFO3m7b7j+4U1QWI="
    }
  }
}
